
Microsoft Visual Studio Solution File, Format Version 12.00
# Visual Studio Version 17
VisualStudioVersion = 17.11.35312.102
MinimumVisualStudioVersion = 10.0.40219.1
Project("{2150E333-8FDC-42A3-9474-1A3956D46DE8}") = "Task0", "Task0", "{A76DC9F1-6303-4B1A-B7B4-C0D620A094E6}"
EndProject
Project("{FAE04EC0-301F-11D3-BF4B-00C04F79EFBC}") = "Tyuiu.KhuzinaDR.Sprint4.Task0.V15", "Tyuiu.KhuzinaDR.Sprint4.Task0.V15\Tyuiu.KhuzinaDR.Sprint4.Task0.V15.csproj", "{545BAC9E-4914-4436-BB61-D5ED0B250B5F}"
EndProject
Project("{FAE04EC0-301F-11D3-BF4B-00C04F79EFBC}") = "Tyuiu.KhuzinaDR.Sprint4.Task0.V15.Lib", "Tyuiu.KhuzinaDR.Sprint4.Task0.V15.Lib\Tyuiu.KhuzinaDR.Sprint4.Task0.V15.Lib.csproj", "{38D21CE0-C3D5-453C-A04E-499536C72AC0}"
EndProject
Project("{FAE04EC0-301F-11D3-BF4B-00C04F79EFBC}") = "Tyuiu.KhuzinaDR.Sprint4.Task0.V15.Test", "Tyuiu.KhuzinaDR.Sprint4.Task0.V15.Test\Tyuiu.KhuzinaDR.Sprint4.Task0.V15.Test.csproj", "{4A31051C-2763-4A3E-94EC-5C80D7535477}"
EndProject
Project("{2150E333-8FDC-42A3-9474-1A3956D46DE8}") = "Task1", "Task1", "{B48D9664-B879-40A4-A5FC-FCE238F9AEAA}"
EndProject
Project("{FAE04EC0-301F-11D3-BF4B-00C04F79EFBC}") = "Tyuiu.KhuzinaDR.Sprint4.Task1.V18", "Tyuiu.KhuzinaDR.Sprint4.Task1.V18\Tyuiu.KhuzinaDR.Sprint4.Task1.V18.csproj", "{91EB247F-7FE9-4680-B28F-D73161F3ACE1}"
EndProject
Project("{FAE04EC0-301F-11D3-BF4B-00C04F79EFBC}") = "Tyuiu.KhuzinaDR.Sprint4.Task1.V18.Lib", "Tyuiu.KhuzinaDR.Sprint4.Task1.V18.Lib\Tyuiu.KhuzinaDR.Sprint4.Task1.V18.Lib.csproj", "{824E3338-76CA-431D-8300-A2791D5E497F}"
EndProject
Project("{FAE04EC0-301F-11D3-BF4B-00C04F79EFBC}") = "Tyuiu.KhuzinaDR.Sprint4.Task1.V18.Test", "Tyuiu.KhuzinaDR.Sprint4.Task1.V18.Test\Tyuiu.KhuzinaDR.Sprint4.Task1.V18.Test.csproj", "{BAC03BEB-3C48-410E-BB0B-7E233339C240}"
EndProject
Project("{2150E333-8FDC-42A3-9474-1A3956D46DE8}") = "Task2", "Task2", "{CFC998D0-8A3B-4A68-888F-15C4B74685BE}"
EndProject
Project("{FAE04EC0-301F-11D3-BF4B-00C04F79EFBC}") = "Tyuiu.KhuzinaDR.Sprint4.Task2.V11", "Tyuiu.KhuzinaDR.Sprint4.Task2.V11\Tyuiu.KhuzinaDR.Sprint4.Task2.V11.csproj", "{97063F34-B8E3-4226-B30E-B7D4255A913C}"
EndProject
Project("{FAE04EC0-301F-11D3-BF4B-00C04F79EFBC}") = "Tyuiu.KhuzinaDR.Sprint4.Task2.V11.Lib", "Tyuiu.KhuzinaDR.Sprint4.Task2.V11.Lib\Tyuiu.KhuzinaDR.Sprint4.Task2.V11.Lib.csproj", "{236C69AF-2F5C-4C18-9A0C-87727BB06772}"
EndProject
Project("{FAE04EC0-301F-11D3-BF4B-00C04F79EFBC}") = "Tyuiu.KhuzinaDR.Sprint4.Task2.V11.Test", "Tyuiu.KhuzinaDR.Sprint4.Task2.V11.Test\Tyuiu.KhuzinaDR.Sprint4.Task2.V11.Test.csproj", "{594A92E1-4A2F-452B-A0B5-5C30E2BC0185}"
EndProject
Project("{2150E333-8FDC-42A3-9474-1A3956D46DE8}") = "Task3", "Task3", "{5D5DCDA5-6BFA-46DE-A548-43E6F79F0CB5}"
EndProject
Project("{FAE04EC0-301F-11D3-BF4B-00C04F79EFBC}") = "Tyuiu.KhuzinaDR.Sprint4.Task3.V17", "Tyuiu.KhuzinaDR.Sprint4.Task3.V17\Tyuiu.KhuzinaDR.Sprint4.Task3.V17.csproj", "{DE00C22E-6B6C-4E8F-B1FB-84B1F3C62844}"
EndProject
Project("{FAE04EC0-301F-11D3-BF4B-00C04F79EFBC}") = "Tyuiu.KhuzinaDR.Sprint4.Task3.V17.Lib", "Tyuiu.KhuzinaDR.Sprint4.Task3.V17.Lib\Tyuiu.KhuzinaDR.Sprint4.Task3.V17.Lib.csproj", "{D68A96E1-D87E-4B2D-A0AC-CB2FCC86517F}"
EndProject
Project("{FAE04EC0-301F-11D3-BF4B-00C04F79EFBC}") = "Tyuiu.KhuzinaDR.Sprint4.Task3.V17.Test", "Tyuiu.KhuzinaDR.Sprint4.Task3.V17.Test\Tyuiu.KhuzinaDR.Sprint4.Task3.V17.Test.csproj", "{3A4DAC8B-412F-4B42-B5E8-FA15184C3DE0}"
EndProject
Project("{FAE04EC0-301F-11D3-BF4B-00C04F79EFBC}") = "Tyuiu.KhuzinaDR.Sprint4.Task4.V17", "Tyuiu.KhuzinaDR.Sprint4.Task4.V17\Tyuiu.KhuzinaDR.Sprint4.Task4.V17.csproj", "{EA7C3F2B-2BFB-4180-B7C4-705FC0A87A8E}"
EndProject
Project("{2150E333-8FDC-42A3-9474-1A3956D46DE8}") = "Task4", "Task4", "{3FE78EA3-1F5C-49EC-82F3-A2685034EBF8}"
EndProject
Project("{FAE04EC0-301F-11D3-BF4B-00C04F79EFBC}") = "Tyuiu.KhuzinaDR.Sprint4.Task4.V17.Lib", "Tyuiu.KhuzinaDR.Sprint4.Task4.V17.Lib\Tyuiu.KhuzinaDR.Sprint4.Task4.V17.Lib.csproj", "{60985B62-7457-48FA-8523-D5A44ABD14CA}"
EndProject
Project("{FAE04EC0-301F-11D3-BF4B-00C04F79EFBC}") = "Tyuiu.KhuzinaDR.Sprint4.Task4.V17.Test", "Tyuiu.KhuzinaDR.Sprint4.Task4.V17.Test\Tyuiu.KhuzinaDR.Sprint4.Task4.V17.Test.csproj", "{3A0A81D8-434A-46A1-A206-6CF463A04790}"
EndProject
Project("{2150E333-8FDC-42A3-9474-1A3956D46DE8}") = "Task5", "Task5", "{03C91303-17EB-40E4-B1F7-C65834BA7F81}"
EndProject
Project("{FAE04EC0-301F-11D3-BF4B-00C04F79EFBC}") = "Tyuiu.KhuzinaDR.Sprint4.Task5.V30", "Tyuiu.KhuzinaDR.Sprint4.Task5.V30\Tyuiu.KhuzinaDR.Sprint4.Task5.V30.csproj", "{22960D2A-E6B5-480D-BF99-63C5C049429E}"
EndProject
Project("{FAE04EC0-301F-11D3-BF4B-00C04F79EFBC}") = "Tyuiu.KhuzinaDR.Sprint4.Task5.V30.Lib", "Tyuiu.KhuzinaDR.Sprint4.Task5.V30.Lib\Tyuiu.KhuzinaDR.Sprint4.Task5.V30.Lib.csproj", "{508B06BD-5D95-4A47-8589-7D95A59B2223}"
EndProject
Project("{FAE04EC0-301F-11D3-BF4B-00C04F79EFBC}") = "Tyuiu.KhuzinaDR.Sprint4.Task5.V30.Test", "Tyuiu.KhuzinaDR.Sprint4.Task5.V30.Test\Tyuiu.KhuzinaDR.Sprint4.Task5.V30.Test.csproj", "{AA4B8C40-9C8A-4FAE-A94A-9A465A5C7215}"
EndProject
Global
	GlobalSection(SolutionConfigurationPlatforms) = preSolution
		Debug|Any CPU = Debug|Any CPU
		Release|Any CPU = Release|Any CPU
	EndGlobalSection
	GlobalSection(ProjectConfigurationPlatforms) = postSolution
		{545BAC9E-4914-4436-BB61-D5ED0B250B5F}.Debug|Any CPU.ActiveCfg = Debug|Any CPU
		{545BAC9E-4914-4436-BB61-D5ED0B250B5F}.Debug|Any CPU.Build.0 = Debug|Any CPU
		{545BAC9E-4914-4436-BB61-D5ED0B250B5F}.Release|Any CPU.ActiveCfg = Release|Any CPU
		{545BAC9E-4914-4436-BB61-D5ED0B250B5F}.Release|Any CPU.Build.0 = Release|Any CPU
		{38D21CE0-C3D5-453C-A04E-499536C72AC0}.Debug|Any CPU.ActiveCfg = Debug|Any CPU
		{38D21CE0-C3D5-453C-A04E-499536C72AC0}.Debug|Any CPU.Build.0 = Debug|Any CPU
		{38D21CE0-C3D5-453C-A04E-499536C72AC0}.Release|Any CPU.ActiveCfg = Release|Any CPU
		{38D21CE0-C3D5-453C-A04E-499536C72AC0}.Release|Any CPU.Build.0 = Release|Any CPU
		{4A31051C-2763-4A3E-94EC-5C80D7535477}.Debug|Any CPU.ActiveCfg = Debug|Any CPU
		{4A31051C-2763-4A3E-94EC-5C80D7535477}.Debug|Any CPU.Build.0 = Debug|Any CPU
		{4A31051C-2763-4A3E-94EC-5C80D7535477}.Release|Any CPU.ActiveCfg = Release|Any CPU
		{4A31051C-2763-4A3E-94EC-5C80D7535477}.Release|Any CPU.Build.0 = Release|Any CPU
		{91EB247F-7FE9-4680-B28F-D73161F3ACE1}.Debug|Any CPU.ActiveCfg = Debug|Any CPU
		{91EB247F-7FE9-4680-B28F-D73161F3ACE1}.Debug|Any CPU.Build.0 = Debug|Any CPU
		{91EB247F-7FE9-4680-B28F-D73161F3ACE1}.Release|Any CPU.ActiveCfg = Release|Any CPU
		{91EB247F-7FE9-4680-B28F-D73161F3ACE1}.Release|Any CPU.Build.0 = Release|Any CPU
		{824E3338-76CA-431D-8300-A2791D5E497F}.Debug|Any CPU.ActiveCfg = Debug|Any CPU
		{824E3338-76CA-431D-8300-A2791D5E497F}.Debug|Any CPU.Build.0 = Debug|Any CPU
		{824E3338-76CA-431D-8300-A2791D5E497F}.Release|Any CPU.ActiveCfg = Release|Any CPU
		{824E3338-76CA-431D-8300-A2791D5E497F}.Release|Any CPU.Build.0 = Release|Any CPU
		{BAC03BEB-3C48-410E-BB0B-7E233339C240}.Debug|Any CPU.ActiveCfg = Debug|Any CPU
		{BAC03BEB-3C48-410E-BB0B-7E233339C240}.Debug|Any CPU.Build.0 = Debug|Any CPU
		{BAC03BEB-3C48-410E-BB0B-7E233339C240}.Release|Any CPU.ActiveCfg = Release|Any CPU
		{BAC03BEB-3C48-410E-BB0B-7E233339C240}.Release|Any CPU.Build.0 = Release|Any CPU
		{97063F34-B8E3-4226-B30E-B7D4255A913C}.Debug|Any CPU.ActiveCfg = Debug|Any CPU
		{97063F34-B8E3-4226-B30E-B7D4255A913C}.Debug|Any CPU.Build.0 = Debug|Any CPU
		{97063F34-B8E3-4226-B30E-B7D4255A913C}.Release|Any CPU.ActiveCfg = Release|Any CPU
		{97063F34-B8E3-4226-B30E-B7D4255A913C}.Release|Any CPU.Build.0 = Release|Any CPU
		{236C69AF-2F5C-4C18-9A0C-87727BB06772}.Debug|Any CPU.ActiveCfg = Debug|Any CPU
		{236C69AF-2F5C-4C18-9A0C-87727BB06772}.Debug|Any CPU.Build.0 = Debug|Any CPU
		{236C69AF-2F5C-4C18-9A0C-87727BB06772}.Release|Any CPU.ActiveCfg = Release|Any CPU
		{236C69AF-2F5C-4C18-9A0C-87727BB06772}.Release|Any CPU.Build.0 = Release|Any CPU
		{594A92E1-4A2F-452B-A0B5-5C30E2BC0185}.Debug|Any CPU.ActiveCfg = Debug|Any CPU
		{594A92E1-4A2F-452B-A0B5-5C30E2BC0185}.Debug|Any CPU.Build.0 = Debug|Any CPU
		{594A92E1-4A2F-452B-A0B5-5C30E2BC0185}.Release|Any CPU.ActiveCfg = Release|Any CPU
		{594A92E1-4A2F-452B-A0B5-5C30E2BC0185}.Release|Any CPU.Build.0 = Release|Any CPU
		{DE00C22E-6B6C-4E8F-B1FB-84B1F3C62844}.Debug|Any CPU.ActiveCfg = Debug|Any CPU
		{DE00C22E-6B6C-4E8F-B1FB-84B1F3C62844}.Debug|Any CPU.Build.0 = Debug|Any CPU
		{DE00C22E-6B6C-4E8F-B1FB-84B1F3C62844}.Release|Any CPU.ActiveCfg = Release|Any CPU
		{DE00C22E-6B6C-4E8F-B1FB-84B1F3C62844}.Release|Any CPU.Build.0 = Release|Any CPU
		{D68A96E1-D87E-4B2D-A0AC-CB2FCC86517F}.Debug|Any CPU.ActiveCfg = Debug|Any CPU
		{D68A96E1-D87E-4B2D-A0AC-CB2FCC86517F}.Debug|Any CPU.Build.0 = Debug|Any CPU
		{D68A96E1-D87E-4B2D-A0AC-CB2FCC86517F}.Release|Any CPU.ActiveCfg = Release|Any CPU
		{D68A96E1-D87E-4B2D-A0AC-CB2FCC86517F}.Release|Any CPU.Build.0 = Release|Any CPU
		{3A4DAC8B-412F-4B42-B5E8-FA15184C3DE0}.Debug|Any CPU.ActiveCfg = Debug|Any CPU
		{3A4DAC8B-412F-4B42-B5E8-FA15184C3DE0}.Debug|Any CPU.Build.0 = Debug|Any CPU
		{3A4DAC8B-412F-4B42-B5E8-FA15184C3DE0}.Release|Any CPU.ActiveCfg = Release|Any CPU
		{3A4DAC8B-412F-4B42-B5E8-FA15184C3DE0}.Release|Any CPU.Build.0 = Release|Any CPU
		{EA7C3F2B-2BFB-4180-B7C4-705FC0A87A8E}.Debug|Any CPU.ActiveCfg = Debug|Any CPU
		{EA7C3F2B-2BFB-4180-B7C4-705FC0A87A8E}.Debug|Any CPU.Build.0 = Debug|Any CPU
		{EA7C3F2B-2BFB-4180-B7C4-705FC0A87A8E}.Release|Any CPU.ActiveCfg = Release|Any CPU
		{EA7C3F2B-2BFB-4180-B7C4-705FC0A87A8E}.Release|Any CPU.Build.0 = Release|Any CPU
		{60985B62-7457-48FA-8523-D5A44ABD14CA}.Debug|Any CPU.ActiveCfg = Debug|Any CPU
		{60985B62-7457-48FA-8523-D5A44ABD14CA}.Debug|Any CPU.Build.0 = Debug|Any CPU
		{60985B62-7457-48FA-8523-D5A44ABD14CA}.Release|Any CPU.ActiveCfg = Release|Any CPU
		{60985B62-7457-48FA-8523-D5A44ABD14CA}.Release|Any CPU.Build.0 = Release|Any CPU
		{3A0A81D8-434A-46A1-A206-6CF463A04790}.Debug|Any CPU.ActiveCfg = Debug|Any CPU
		{3A0A81D8-434A-46A1-A206-6CF463A04790}.Debug|Any CPU.Build.0 = Debug|Any CPU
		{3A0A81D8-434A-46A1-A206-6CF463A04790}.Release|Any CPU.ActiveCfg = Release|Any CPU
		{3A0A81D8-434A-46A1-A206-6CF463A04790}.Release|Any CPU.Build.0 = Release|Any CPU
		{22960D2A-E6B5-480D-BF99-63C5C049429E}.Debug|Any CPU.ActiveCfg = Debug|Any CPU
		{22960D2A-E6B5-480D-BF99-63C5C049429E}.Debug|Any CPU.Build.0 = Debug|Any CPU
		{22960D2A-E6B5-480D-BF99-63C5C049429E}.Release|Any CPU.ActiveCfg = Release|Any CPU
		{22960D2A-E6B5-480D-BF99-63C5C049429E}.Release|Any CPU.Build.0 = Release|Any CPU
		{508B06BD-5D95-4A47-8589-7D95A59B2223}.Debug|Any CPU.ActiveCfg = Debug|Any CPU
		{508B06BD-5D95-4A47-8589-7D95A59B2223}.Debug|Any CPU.Build.0 = Debug|Any CPU
		{508B06BD-5D95-4A47-8589-7D95A59B2223}.Release|Any CPU.ActiveCfg = Release|Any CPU
		{508B06BD-5D95-4A47-8589-7D95A59B2223}.Release|Any CPU.Build.0 = Release|Any CPU
		{AA4B8C40-9C8A-4FAE-A94A-9A465A5C7215}.Debug|Any CPU.ActiveCfg = Debug|Any CPU
		{AA4B8C40-9C8A-4FAE-A94A-9A465A5C7215}.Debug|Any CPU.Build.0 = Debug|Any CPU
		{AA4B8C40-9C8A-4FAE-A94A-9A465A5C7215}.Release|Any CPU.ActiveCfg = Release|Any CPU
		{AA4B8C40-9C8A-4FAE-A94A-9A465A5C7215}.Release|Any CPU.Build.0 = Release|Any CPU
	EndGlobalSection
	GlobalSection(SolutionProperties) = preSolution
		HideSolutionNode = FALSE
	EndGlobalSection
	GlobalSection(NestedProjects) = preSolution
		{545BAC9E-4914-4436-BB61-D5ED0B250B5F} = {A76DC9F1-6303-4B1A-B7B4-C0D620A094E6}
		{38D21CE0-C3D5-453C-A04E-499536C72AC0} = {A76DC9F1-6303-4B1A-B7B4-C0D620A094E6}
		{4A31051C-2763-4A3E-94EC-5C80D7535477} = {A76DC9F1-6303-4B1A-B7B4-C0D620A094E6}
		{91EB247F-7FE9-4680-B28F-D73161F3ACE1} = {B48D9664-B879-40A4-A5FC-FCE238F9AEAA}
		{824E3338-76CA-431D-8300-A2791D5E497F} = {B48D9664-B879-40A4-A5FC-FCE238F9AEAA}
		{BAC03BEB-3C48-410E-BB0B-7E233339C240} = {B48D9664-B879-40A4-A5FC-FCE238F9AEAA}
		{97063F34-B8E3-4226-B30E-B7D4255A913C} = {CFC998D0-8A3B-4A68-888F-15C4B74685BE}
		{236C69AF-2F5C-4C18-9A0C-87727BB06772} = {CFC998D0-8A3B-4A68-888F-15C4B74685BE}
		{594A92E1-4A2F-452B-A0B5-5C30E2BC0185} = {CFC998D0-8A3B-4A68-888F-15C4B74685BE}
		{DE00C22E-6B6C-4E8F-B1FB-84B1F3C62844} = {5D5DCDA5-6BFA-46DE-A548-43E6F79F0CB5}
		{D68A96E1-D87E-4B2D-A0AC-CB2FCC86517F} = {5D5DCDA5-6BFA-46DE-A548-43E6F79F0CB5}
		{3A4DAC8B-412F-4B42-B5E8-FA15184C3DE0} = {5D5DCDA5-6BFA-46DE-A548-43E6F79F0CB5}
		{EA7C3F2B-2BFB-4180-B7C4-705FC0A87A8E} = {3FE78EA3-1F5C-49EC-82F3-A2685034EBF8}
		{60985B62-7457-48FA-8523-D5A44ABD14CA} = {3FE78EA3-1F5C-49EC-82F3-A2685034EBF8}
		{3A0A81D8-434A-46A1-A206-6CF463A04790} = {3FE78EA3-1F5C-49EC-82F3-A2685034EBF8}
		{22960D2A-E6B5-480D-BF99-63C5C049429E} = {03C91303-17EB-40E4-B1F7-C65834BA7F81}
		{508B06BD-5D95-4A47-8589-7D95A59B2223} = {03C91303-17EB-40E4-B1F7-C65834BA7F81}
		{AA4B8C40-9C8A-4FAE-A94A-9A465A5C7215} = {03C91303-17EB-40E4-B1F7-C65834BA7F81}
	EndGlobalSection
	GlobalSection(ExtensibilityGlobals) = postSolution
		SolutionGuid = {72B61834-4824-48B2-8A2C-1874C72065AF}
	EndGlobalSection
EndGlobal
